
Microsoft Visual Studio Solution File, Format Version 12.00
# Visual Studio Version 17
VisualStudioVersion = 17.5.33516.290
MinimumVisualStudioVersion = 10.0.40219.1
Project("{FAE04EC0-301F-11D3-BF4B-00C04F79EFBC}") = "XiaFControl", "XiaFControl\XiaFControl.csproj", "{88AC1F4C-9A70-4FE1-8F7D-3FA1D64954E4}"
EndProject
Project("{9A19103F-16F7-4668-BE54-9A1E7A4F7556}") = "XiaFControlDemo", "XiaFControlDemo\XiaFControlDemo.csproj", "{E1B7C481-4A2C-4073-A15F-215996F017AA}"
EndProject
Global
	GlobalSection(SolutionConfigurationPlatforms) = preSolution
		Debug|Any CPU = Debug|Any CPU
		Release|Any CPU = Release|Any CPU
	EndGlobalSection
	GlobalSection(ProjectConfigurationPlatforms) = postSolution
		{88AC1F4C-9A70-4FE1-8F7D-3FA1D64954E4}.Debug|Any CPU.ActiveCfg = Debug|Any CPU
		{88AC1F4C-9A70-4FE1-8F7D-3FA1D64954E4}.Debug|Any CPU.Build.0 = Debug|Any CPU
		{88AC1F4C-9A70-4FE1-8F7D-3FA1D64954E4}.Release|Any CPU.ActiveCfg = Release|Any CPU
		{88AC1F4C-9A70-4FE1-8F7D-3FA1D64954E4}.Release|Any CPU.Build.0 = Release|Any CPU
		{E1B7C481-4A2C-4073-A15F-215996F017AA}.Debug|Any CPU.ActiveCfg = Debug|Any CPU
		{E1B7C481-4A2C-4073-A15F-215996F017AA}.Debug|Any CPU.Build.0 = Debug|Any CPU
		{E1B7C481-4A2C-4073-A15F-215996F017AA}.Release|Any CPU.ActiveCfg = Release|Any CPU
		{E1B7C481-4A2C-4073-A15F-215996F017AA}.Release|Any CPU.Build.0 = Release|Any CPU
	EndGlobalSection
	GlobalSection(SolutionProperties) = preSolution
		HideSolutionNode = FALSE
	EndGlobalSection
	GlobalSection(ExtensibilityGlobals) = postSolution
		SolutionGuid = {091B9490-F6D0-4469-80B4-C93BE4351007}
	EndGlobalSection
EndGlobal
